
Microsoft Visual Studio Solution File, Format Version 12.00
# Visual Studio Version 17
VisualStudioVersion = 17.0.31903.59
MinimumVisualStudioVersion = 10.0.40219.1
Project("{2150E333-8FDC-42A3-9474-1A3956D46DE8}") = "src", "src", "{827E0CD3-B72D-47B6-A68D-7590B98EB39B}"
EndProject
Project("{FAE04EC0-301F-11D3-BF4B-00C04F79EFBC}") = "Omacut", "src\Omacut\Omacut.csproj", "{F7B0F88F-33CA-48E5-A5B8-E6655FAF6E50}"
EndProject
Project("{FAE04EC0-301F-11D3-BF4B-00C04F79EFBC}") = "Omacut.App", "src\Omacut.App\Omacut.App.csproj", "{5D5E410C-F3B4-490F-9395-33B38F13DE74}"
EndProject
Project("{2150E333-8FDC-42A3-9474-1A3956D46DE8}") = "tests", "tests", "{0AB3BF05-4346-4AA6-1389-037BE0695223}"
EndProject
Project("{FAE04EC0-301F-11D3-BF4B-00C04F79EFBC}") = "Omacut.Tests", "tests\Omacut.Tests\Omacut.Tests.csproj", "{3F21F82A-43DE-4CC7-903E-C1FEE0013FEF}"
EndProject
Global
	GlobalSection(SolutionConfigurationPlatforms) = preSolution
		Debug|Any CPU = Debug|Any CPU
		Debug|x64 = Debug|x64
		Debug|x86 = Debug|x86
		Release|Any CPU = Release|Any CPU
		Release|x64 = Release|x64
		Release|x86 = Release|x86
	EndGlobalSection
	GlobalSection(ProjectConfigurationPlatforms) = postSolution
		{F7B0F88F-33CA-48E5-A5B8-E6655FAF6E50}.Debug|Any CPU.ActiveCfg = Debug|Any CPU
		{F7B0F88F-33CA-48E5-A5B8-E6655FAF6E50}.Debug|Any CPU.Build.0 = Debug|Any CPU
		{F7B0F88F-33CA-48E5-A5B8-E6655FAF6E50}.Debug|x64.ActiveCfg = Debug|Any CPU
		{F7B0F88F-33CA-48E5-A5B8-E6655FAF6E50}.Debug|x64.Build.0 = Debug|Any CPU
		{F7B0F88F-33CA-48E5-A5B8-E6655FAF6E50}.Debug|x86.ActiveCfg = Debug|Any CPU
		{F7B0F88F-33CA-48E5-A5B8-E6655FAF6E50}.Debug|x86.Build.0 = Debug|Any CPU
		{F7B0F88F-33CA-48E5-A5B8-E6655FAF6E50}.Release|Any CPU.ActiveCfg = Release|Any CPU
		{F7B0F88F-33CA-48E5-A5B8-E6655FAF6E50}.Release|Any CPU.Build.0 = Release|Any CPU
		{F7B0F88F-33CA-48E5-A5B8-E6655FAF6E50}.Release|x64.ActiveCfg = Release|Any CPU
		{F7B0F88F-33CA-48E5-A5B8-E6655FAF6E50}.Release|x64.Build.0 = Release|Any CPU
		{F7B0F88F-33CA-48E5-A5B8-E6655FAF6E50}.Release|x86.ActiveCfg = Release|Any CPU
		{F7B0F88F-33CA-48E5-A5B8-E6655FAF6E50}.Release|x86.Build.0 = Release|Any CPU
		{5D5E410C-F3B4-490F-9395-33B38F13DE74}.Debug|Any CPU.ActiveCfg = Debug|Any CPU
		{5D5E410C-F3B4-490F-9395-33B38F13DE74}.Debug|Any CPU.Build.0 = Debug|Any CPU
		{5D5E410C-F3B4-490F-9395-33B38F13DE74}.Debug|x64.ActiveCfg = Debug|Any CPU
		{5D5E410C-F3B4-490F-9395-33B38F13DE74}.Debug|x64.Build.0 = Debug|Any CPU
		{5D5E410C-F3B4-490F-9395-33B38F13DE74}.Debug|x86.ActiveCfg = Debug|Any CPU
		{5D5E410C-F3B4-490F-9395-33B38F13DE74}.Debug|x86.Build.0 = Debug|Any CPU
		{5D5E410C-F3B4-490F-9395-33B38F13DE74}.Release|Any CPU.ActiveCfg = Release|Any CPU
		{5D5E410C-F3B4-490F-9395-33B38F13DE74}.Release|Any CPU.Build.0 = Release|Any CPU
		{5D5E410C-F3B4-490F-9395-33B38F13DE74}.Release|x64.ActiveCfg = Release|Any CPU
		{5D5E410C-F3B4-490F-9395-33B38F13DE74}.Release|x64.Build.0 = Release|Any CPU
		{5D5E410C-F3B4-490F-9395-33B38F13DE74}.Release|x86.ActiveCfg = Release|Any CPU
		{5D5E410C-F3B4-490F-9395-33B38F13DE74}.Release|x86.Build.0 = Release|Any CPU
		{3F21F82A-43DE-4CC7-903E-C1FEE0013FEF}.Debug|Any CPU.ActiveCfg = Debug|Any CPU
		{3F21F82A-43DE-4CC7-903E-C1FEE0013FEF}.Debug|Any CPU.Build.0 = Debug|Any CPU
		{3F21F82A-43DE-4CC7-903E-C1FEE0013FEF}.Debug|x64.ActiveCfg = Debug|Any CPU
		{3F21F82A-43DE-4CC7-903E-C1FEE0013FEF}.Debug|x64.Build.0 = Debug|Any CPU
		{3F21F82A-43DE-4CC7-903E-C1FEE0013FEF}.Debug|x86.ActiveCfg = Debug|Any CPU
		{3F21F82A-43DE-4CC7-903E-C1FEE0013FEF}.Debug|x86.Build.0 = Debug|Any CPU
		{3F21F82A-43DE-4CC7-903E-C1FEE0013FEF}.Release|Any CPU.ActiveCfg = Release|Any CPU
		{3F21F82A-43DE-4CC7-903E-C1FEE0013FEF}.Release|Any CPU.Build.0 = Release|Any CPU
		{3F21F82A-43DE-4CC7-903E-C1FEE0013FEF}.Release|x64.ActiveCfg = Release|Any CPU
		{3F21F82A-43DE-4CC7-903E-C1FEE0013FEF}.Release|x64.Build.0 = Release|Any CPU
		{3F21F82A-43DE-4CC7-903E-C1FEE0013FEF}.Release|x86.ActiveCfg = Release|Any CPU
		{3F21F82A-43DE-4CC7-903E-C1FEE0013FEF}.Release|x86.Build.0 = Release|Any CPU
	EndGlobalSection
	GlobalSection(SolutionProperties) = preSolution
		HideSolutionNode = FALSE
	EndGlobalSection
	GlobalSection(NestedProjects) = preSolution
		{F7B0F88F-33CA-48E5-A5B8-E6655FAF6E50} = {827E0CD3-B72D-47B6-A68D-7590B98EB39B}
		{5D5E410C-F3B4-490F-9395-33B38F13DE74} = {827E0CD3-B72D-47B6-A68D-7590B98EB39B}
		{3F21F82A-43DE-4CC7-903E-C1FEE0013FEF} = {0AB3BF05-4346-4AA6-1389-037BE0695223}
	EndGlobalSection
EndGlobal
